
Microsoft Visual Studio Solution File, Format Version 12.00
# Visual Studio 15
VisualStudioVersion = 15.0.27004.2009
MinimumVisualStudioVersion = 10.0.40219.1
Project("{FAE04EC0-301F-11D3-BF4B-00C04F79EFBC}") = "WebsiteCommunity.Models", "WebsiteCommunity.Models\WebsiteCommunity.Models.csproj", "{B457B11B-1392-4CD8-A848-19DC0AB4759E}"
EndProject
Project("{FAE04EC0-301F-11D3-BF4B-00C04F79EFBC}") = "WebsiteCommunity.Repository", "WebsiteCommunity.Repository\WebsiteCommunity.Repository.csproj", "{9C1131C3-AA21-40C1-8096-F73DFF2A8C7B}"
EndProject
Project("{FAE04EC0-301F-11D3-BF4B-00C04F79EFBC}") = "WebsiteCommunity", "WebsiteCommunity\WebsiteCommunity.csproj", "{F0BC1A9D-0719-451F-B4A3-31EF008478FF}"
EndProject
Project("{FAE04EC0-301F-11D3-BF4B-00C04F79EFBC}") = "WebsiteCommunity.Library", "WebsiteCommunity.Library\WebsiteCommunity.Library.csproj", "{08C00E74-AB64-4941-A837-93018F3FE60B}"
EndProject
Project("{2150E333-8FDC-42A3-9474-1A3956D46DE8}") = "SQL", "SQL", "{F7193CAF-9BEC-4EAD-80F4-60B0092125D1}"
	ProjectSection(SolutionItems) = preProject
		D:\work\CreateDBandSP.sql = D:\work\CreateDBandSP.sql
	EndProjectSection
EndProject
Project("{FAE04EC0-301F-11D3-BF4B-00C04F79EFBC}") = "WebsiteCommunity.Business", "WebsiteCommunity.Business\WebsiteCommunity.Business.csproj", "{C5F8E22B-80E6-40AB-A7AB-EC21B80EBC47}"
EndProject
Project("{FAE04EC0-301F-11D3-BF4B-00C04F79EFBC}") = "WebsiteCommunity.RepositoryFactory", "WebsiteCommunity.RepositoryFactory\WebsiteCommunity.RepositoryFactory.csproj", "{D2AB9E8D-9710-4D93-8594-228F202179BD}"
EndProject
Project("{FAE04EC0-301F-11D3-BF4B-00C04F79EFBC}") = "WebsiteCommunity.RepositoryAbstraction", "WebsiteCommunity.RepositoryAbstraction\WebsiteCommunity.RepositoryAbstraction.csproj", "{3F8502F3-AF46-4561-AF45-AAB276B10967}"
EndProject
Project("{FAE04EC0-301F-11D3-BF4B-00C04F79EFBC}") = "WebsiteCommunity.UI", "WebsiteCommunity.UI\WebsiteCommunity.UI.csproj", "{A5508743-7EBE-475A-B142-172B2E64BE2F}"
EndProject
Global
	GlobalSection(SolutionConfigurationPlatforms) = preSolution
		Debug|Any CPU = Debug|Any CPU
		Release|Any CPU = Release|Any CPU
	EndGlobalSection
	GlobalSection(ProjectConfigurationPlatforms) = postSolution
		{B457B11B-1392-4CD8-A848-19DC0AB4759E}.Debug|Any CPU.ActiveCfg = Debug|Any CPU
		{B457B11B-1392-4CD8-A848-19DC0AB4759E}.Debug|Any CPU.Build.0 = Debug|Any CPU
		{B457B11B-1392-4CD8-A848-19DC0AB4759E}.Release|Any CPU.ActiveCfg = Release|Any CPU
		{B457B11B-1392-4CD8-A848-19DC0AB4759E}.Release|Any CPU.Build.0 = Release|Any CPU
		{9C1131C3-AA21-40C1-8096-F73DFF2A8C7B}.Debug|Any CPU.ActiveCfg = Debug|Any CPU
		{9C1131C3-AA21-40C1-8096-F73DFF2A8C7B}.Debug|Any CPU.Build.0 = Debug|Any CPU
		{9C1131C3-AA21-40C1-8096-F73DFF2A8C7B}.Release|Any CPU.ActiveCfg = Release|Any CPU
		{9C1131C3-AA21-40C1-8096-F73DFF2A8C7B}.Release|Any CPU.Build.0 = Release|Any CPU
		{F0BC1A9D-0719-451F-B4A3-31EF008478FF}.Debug|Any CPU.ActiveCfg = Debug|Any CPU
		{F0BC1A9D-0719-451F-B4A3-31EF008478FF}.Debug|Any CPU.Build.0 = Debug|Any CPU
		{F0BC1A9D-0719-451F-B4A3-31EF008478FF}.Release|Any CPU.ActiveCfg = Release|Any CPU
		{F0BC1A9D-0719-451F-B4A3-31EF008478FF}.Release|Any CPU.Build.0 = Release|Any CPU
		{08C00E74-AB64-4941-A837-93018F3FE60B}.Debug|Any CPU.ActiveCfg = Debug|Any CPU
		{08C00E74-AB64-4941-A837-93018F3FE60B}.Debug|Any CPU.Build.0 = Debug|Any CPU
		{08C00E74-AB64-4941-A837-93018F3FE60B}.Release|Any CPU.ActiveCfg = Release|Any CPU
		{08C00E74-AB64-4941-A837-93018F3FE60B}.Release|Any CPU.Build.0 = Release|Any CPU
		{C5F8E22B-80E6-40AB-A7AB-EC21B80EBC47}.Debug|Any CPU.ActiveCfg = Debug|Any CPU
		{C5F8E22B-80E6-40AB-A7AB-EC21B80EBC47}.Debug|Any CPU.Build.0 = Debug|Any CPU
		{C5F8E22B-80E6-40AB-A7AB-EC21B80EBC47}.Release|Any CPU.ActiveCfg = Release|Any CPU
		{C5F8E22B-80E6-40AB-A7AB-EC21B80EBC47}.Release|Any CPU.Build.0 = Release|Any CPU
		{D2AB9E8D-9710-4D93-8594-228F202179BD}.Debug|Any CPU.ActiveCfg = Debug|Any CPU
		{D2AB9E8D-9710-4D93-8594-228F202179BD}.Debug|Any CPU.Build.0 = Debug|Any CPU
		{D2AB9E8D-9710-4D93-8594-228F202179BD}.Release|Any CPU.ActiveCfg = Release|Any CPU
		{D2AB9E8D-9710-4D93-8594-228F202179BD}.Release|Any CPU.Build.0 = Release|Any CPU
		{3F8502F3-AF46-4561-AF45-AAB276B10967}.Debug|Any CPU.ActiveCfg = Debug|Any CPU
		{3F8502F3-AF46-4561-AF45-AAB276B10967}.Debug|Any CPU.Build.0 = Debug|Any CPU
		{3F8502F3-AF46-4561-AF45-AAB276B10967}.Release|Any CPU.ActiveCfg = Release|Any CPU
		{3F8502F3-AF46-4561-AF45-AAB276B10967}.Release|Any CPU.Build.0 = Release|Any CPU
		{A5508743-7EBE-475A-B142-172B2E64BE2F}.Debug|Any CPU.ActiveCfg = Debug|Any CPU
		{A5508743-7EBE-475A-B142-172B2E64BE2F}.Debug|Any CPU.Build.0 = Debug|Any CPU
		{A5508743-7EBE-475A-B142-172B2E64BE2F}.Release|Any CPU.ActiveCfg = Release|Any CPU
		{A5508743-7EBE-475A-B142-172B2E64BE2F}.Release|Any CPU.Build.0 = Release|Any CPU
	EndGlobalSection
	GlobalSection(SolutionProperties) = preSolution
		HideSolutionNode = FALSE
	EndGlobalSection
	GlobalSection(ExtensibilityGlobals) = postSolution
		SolutionGuid = {F1F0927F-0889-4087-9D7E-78CF34D67D63}
	EndGlobalSection
EndGlobal
